// !$*UTF8*$!
{
	archiveVersion = 1;
	classes = {
	};
	objectVersion = 46;
	objects = {

/* Begin PBXBuildFile section */
		CECD85841CC8679000338383 /* AppDelegate.swift in Sources */ = {isa = PBXBuildFile; fileRef = CECD85831CC8679000338383 /* AppDelegate.swift */; };
		CECD85861CC8679000338383 /* ViewController.swift in Sources */ = {isa = PBXBuildFile; fileRef = CECD85851CC8679000338383 /* ViewController.swift */; };
		CECD85891CC8679000338383 /* Main.storyboard in Resources */ = {isa = PBXBuildFile; fileRef = CECD85871CC8679000338383 /* Main.storyboard */; };
		CECD858B1CC8679000338383 /* Assets.xcassets in Resources */ = {isa = PBXBuildFile; fileRef = CECD858A1CC8679000338383 /* Assets.xcassets */; };
		CECD858E1CC8679000338383 /* LaunchScreen.storyboard in Resources */ = {isa = PBXBuildFile; fileRef = CECD858C1CC8679000338383 /* LaunchScreen.storyboard */; };
/* End PBXBuildFile section */

/* Begin PBXFileReference section */
		CECD85801CC8679000338383 /* 01-day.app */ = {isa = PBXFileReference; explicitFileType = wrapper.application; includeInIndex = 0; path = "01-day.app"; sourceTree = BUILT_PRODUCTS_DIR; };
		CECD85831CC8679000338383 /* AppDelegate.swift */ = {isa = PBXFileReference; lastKnownFileType = sourcecode.swift; path = AppDelegate.swift; sourceTree = "<group>"; };
		CECD85851CC8679000338383 /* ViewController.swift */ = {isa = PBXFileReference; lastKnownFileType = sourcecode.swift; path = ViewController.swift; sourceTree = "<group>"; };
		CECD85881CC8679000338383 /* Base */ = {isa = PBXFileReference; lastKnownFileType = file.storyboard; name = Base; path = Base.lproj/Main.storyboard; sourceTree = "<group>"; };
		CECD858A1CC8679000338383 /* Assets.xcassets */ = {isa = PBXFileReference; lastKnownFileType = folder.assetcatalog; path = Assets.xcassets; sourceTree = "<group>"; };
		CECD858D1CC8679000338383 /* Base */ = {isa = PBXFileReference; lastKnownFileType = file.storyboard; name = Base; path = Base.lproj/LaunchScreen.storyboard; sourceTree = "<group>"; };
		CECD858F1CC8679000338383 /* Info.plist */ = {isa = PBXFileReference; lastKnownFileType = text.plist.xml; path = Info.plist; sourceTree = "<group>"; };
/* End PBXFileReference section */

/* Begin PBXFrameworksBuildPhase section */
		CECD857D1CC8679000338383 /* Frameworks */ = {
			isa = PBXFrameworksBuildPhase;
			buildActionMask = 2147483647;
			files = (
			);
			runOnlyForDeploymentPostprocessing = 0;
		};
/* End PBXFrameworksBuildPhase section */

/* Begin PBXGroup section */
		CECD85771CC8679000338383 = {
			isa = PBXGroup;
			children = (
				CECD85821CC8679000338383 /* 01-day */,
				CECD85811CC8679000338383 /* Products */,
			);
			sourceTree = "<group>";
		};
		CECD85811CC8679000338383 /* Products */ = {
			isa = PBXGroup;
			children = (
				CECD85801CC8679000338383 /* 01-day.app */,
			);
			name = Products;
			sourceTree = "<group>";
		};
		CECD85821CC8679000338383 /* 01-day */ = {
			isa = PBXGroup;
			children = (
				CECD85831CC8679000338383 /* AppDelegate.swift */,
				CECD85851CC8679000338383 /* ViewController.swift */,
				CECD85871CC8679000338383 /* Main.storyboard */,
				CECD858A1CC8679000338383 /* Assets.xcassets */,
				CECD858C1CC8679000338383 /* LaunchScreen.storyboard */,
				CECD858F1CC8679000338383 /* Info.plist */,
			);
			path = "01-day";
			sourceTree = "<group>";
		};
/* End PBXGroup section */

/* Begin PBXNativeTarget section */
		CECD857F1CC8679000338383 /* 01-day */ = {
			isa = PBXNativeTarget;
			buildConfigurationList = CECD85921CC8679000338383 /* Build configuration list for PBXNativeTarget "01-day" */;
			buildPhases = (
				CECD857C1CC8679000338383 /* Sources */,
				CECD857D1CC8679000338383 /* Frameworks */,
				CECD857E1CC8679000338383 /* Resources */,
			);
			buildRules = (
			);
			dependencies = (
			);
			name = "01-day";
			productName = "01-day";
			productReference = CECD85801CC8679000338383 /* 01-day.app */;
			productType = "com.apple.product-type.application";
		};
/* End PBXNativeTarget section */

/* Begin PBXProject section */
		CECD85781CC8679000338383 /* Project object */ = {
			isa = PBXProject;
			attributes = {
				LastSwiftUpdateCheck = 0730;
				LastUpgradeCheck = 0730;
				ORGANIZATIONNAME = mobin;
				TargetAttributes = {
					CECD857F1CC8679000338383 = {
						CreatedOnToolsVersion = 7.3;
					};
				};
			};
			buildConfigurationList = CECD857B1CC8679000338383 /* Build configuration list for PBXProject "01-day" */;
			compatibilityVersion = "Xcode 3.2";
			developmentRegion = English;
			hasScannedForEncodings = 0;
			knownRegions = (
				en,
				Base,
			);
			mainGroup = CECD85771CC8679000338383;
			productRefGroup = CECD85811CC8679000338383 /* Products */;
			projectDirPath = "";
			projectRoot = "";
			targets = (
				CECD857F1CC8679000338383 /* 01-day */,
			);
		};
/* End PBXProject section */

/* Begin PBXResourcesBuildPhase section */
		CECD857E1CC8679000338383 /* Resources */ = {
			isa = PBXResourcesBuildPhase;
			buildActionMask = 2147483647;
			files = (
				CECD858E1CC8679000338383 /* LaunchScreen.storyboard in Resources */,
				CECD858B1CC8679000338383 /* Assets.xcassets in Resources */,
				CECD85891CC8679000338383 /* Main.storyboard in Resources */,
			);
			runOnlyForDeploymentPostprocessing = 0;
		};
/* End PBXResourcesBuildPhase section */

/* Begin PBXSourcesBuildPhase section */
		CECD857C1CC8679000338383 /* Sources */ = {
			isa = PBXSourcesBuildPhase;
			buildActionMask = 2147483647;
			files = (
				CECD85861CC8679000338383 /* ViewController.swift in Sources */,
				CECD85841CC8679000338383 /* AppDelegate.swift in Sources */,
			);
			runOnlyForDeploymentPostprocessing = 0;
		};
/* End PBXSourcesBuildPhase section */

/* Begin PBXVariantGroup section */
		CECD85871CC8679000338383 /* Main.storyboard */ = {
			isa = PBXVariantGroup;
			children = (
				CECD85881CC8679000338383 /* Base */,
			);
			name = Main.storyboard;
			sourceTree = "<group>";
		};
		CECD858C1CC8679000338383 /* LaunchScreen.storyboard */ = {
			isa = PBXVariantGroup;
			children = (
				CECD858D1CC8679000338383 /* Base */,
			);
			name = LaunchScreen.storyboard;
			sourceTree = "<group>";
		};
/* End PBXVariantGroup section */

/* Begin XCBuildConfiguration section */
		CECD85901CC8679000338383 /* Debug */ = {
			isa = XCBuildConfiguration;
			buildSettings = {
				ALWAYS_SEARCH_USER_PATHS = NO;
				CLANG_ANALYZER_NONNULL = YES;
				CLANG_CXX_LANGUAGE_STANDARD = "gnu++0x";
				CLANG_CXX_LIBRARY = "libc++";
				CLANG_ENABLE_MODULES = YES;
				CLANG_ENABLE_OBJC_ARC = YES;
				CLANG_WARN_BOOL_CONVERSION = YES;
				CLANG_WARN_CONSTANT_CONVERSION = YES;
				CLANG_WARN_DIRECT_OBJC_ISA_USAGE = YES_ERROR;
				CLANG_WARN_EMPTY_BODY = YES;
				CLANG_WARN_ENUM_CONVERSION = YES;
				CLANG_WARN_INT_CONVERSION = YES;
				CLANG_WARN_OBJC_ROOT_CLASS = YES_ERROR;
				CLANG_WARN_UNREACHABLE_CODE = YES;
				CLANG_WARN__DUPLICATE_METHOD_MATCH = YES;
				"CODE_SIGN_IDENTITY[sdk=iphoneos*]" = "iPhone Developer";
				COPY_PHASE_STRIP = NO;
				DEBUG_INFORMATION_FORMAT = dwarf;
				ENABLE_STRICT_OBJC_MSGSEND = YES;
				ENABLE_TESTABILITY = YES;
				GCC_C_LANGUAGE_STANDARD = gnu99;
				GCC_DYNAMIC_NO_PIC = NO;
				GCC_NO_COMMON_BLOCKS = YES;
				GCC_OPTIMIZATION_LEVEL = 0;
				GCC_PREPROCESSOR_DEFINITIONS = (
					"DEBUG=1",
					"$(inherited)",
				);
				GCC_WARN_64_TO_32_BIT_CONVERSION = YES;
				GCC_WARN_ABOUT_RETURN_TYPE = YES_ERROR;
				GCC_WARN_UNDECLARED_SELECTOR = YES;
				GCC_WARN_UNINITIALIZED_AUTOS = YES_AGGRESSIVE;
				GCC_WARN_UNUSED_FUNCTION = YES;
				GCC_WARN_UNUSED_VARIABLE = YES;
				IPHONEOS_DEPLOYMENT_TARGET = 9.3;
				MTL_ENABLE_DEBUG_INFO = YES;
				ONLY_ACTIVE_ARCH = YES;
				SDKROOT = iphoneos;
				SWIFT_OPTIMIZATION_LEVEL = "-Onone";
			};
			name = Debug;
		};
		CECD85911CC8679000338383 /* Release */ = {
			isa = XCBuildConfiguration;
			buildSettings = {
				ALWAYS_SEARCH_USER_PATHS = NO;
				CLANG_ANALYZER_NONNULL = YES;
				CLANG_CXX_LANGUAGE_STANDARD = "gnu++0x";
				CLANG_CXX_LIBRARY = "libc++";
				CLANG_ENABLE_MODULES = YES;
				CLANG_ENABLE_OBJC_ARC = YES;
				CLANG_WARN_BOOL_CONVERSION = YES;
				CLANG_WARN_CONSTANT_CONVERSION = YES;
				CLANG_WARN_DIRECT_OBJC_ISA_USAGE = YES_ERROR;
				CLANG_WARN_EMPTY_BODY = YES;
				CLANG_WARN_ENUM_CONVERSION = YES;
				CLANG_WARN_INT_CONVERSION = YES;
				CLANG_WARN_OBJC_ROOT_CLASS = YES_ERROR;
				CLANG_WARN_UNREACHABLE_CODE = YES;
				CLANG_WARN__DUPLICATE_METHOD_MATCH = YES;
				"CODE_SIGN_IDENTITY[sdk=iphoneos*]" = "iPhone Developer";
				COPY_PHASE_STRIP = NO;
				DEBUG_INFORMATION_FORMAT = "dwarf-with-dsym";
				ENABLE_NS_ASSERTIONS = NO;
				ENABLE_STRICT_OBJC_MSGSEND = YES;
				GCC_C_LANGUAGE_STANDARD = gnu99;
				GCC_NO_COMMON_BLOCKS = YES;
				GCC_WARN_64_TO_32_BIT_CONVERSION = YES;
				GCC_WARN_ABOUT_RETURN_TYPE = YES_ERROR;
				GCC_WARN_UNDECLARED_SELECTOR = YES;
				GCC_WARN_UNINITIALIZED_AUTOS = YES_AGGRESSIVE;
				GCC_WARN_UNUSED_FUNCTION = YES;
				GCC_WARN_UNUSED_VARIABLE = YES;
				IPHONEOS_DEPLOYMENT_TARGET = 9.3;
				MTL_ENABLE_DEBUG_INFO = NO;
				SDKROOT = iphoneos;
				VALIDATE_PRODUCT = YES;
			};
			name = Release;
		};
		CECD85931CC8679000338383 /* Debug */ = {
			isa = XCBuildConfiguration;
			buildSettings = {
				ASSETCATALOG_COMPILER_APPICON_NAME = AppIcon;
				INFOPLIST_FILE = "01-day/Info.plist";
				LD_RUNPATH_SEARCH_PATHS = "$(inherited) @executable_path/Frameworks";
				PRODUCT_BUNDLE_IDENTIFIER = "com.eeparking.-1-day";
				PRODUCT_NAME = "$(TARGET_NAME)";
			};
			name = Debug;
		};
		CECD85941CC8679000338383 /* Release */ = {
			isa = XCBuildConfiguration;
			buildSettings = {
				ASSETCATALOG_COMPILER_APPICON_NAME = AppIcon;
				INFOPLIST_FILE = "01-day/Info.plist";
				LD_RUNPATH_SEARCH_PATHS = "$(inherited) @executable_path/Frameworks";
				PRODUCT_BUNDLE_IDENTIFIER = "com.eeparking.-1-day";
				PRODUCT_NAME = "$(TARGET_NAME)";
			};
			name = Release;
		};
/* End XCBuildConfiguration section */

/* Begin XCConfigurationList section */
		CECD857B1CC8679000338383 /* Build configuration list for PBXProject "01-day" */ = {
			isa = XCConfigurationList;
			buildConfigurations = (
				CECD85901CC8679000338383 /* Debug */,
				CECD85911CC8679000338383 /* Release */,
			);
			defaultConfigurationIsVisible = 0;
			defaultConfigurationName = Release;
		};
		CECD85921CC8679000338383 /* Build configuration list for PBXNativeTarget "01-day" */ = {
			isa = XCConfigurationList;
			buildConfigurations = (
				CECD85931CC8679000338383 /* Debug */,
				CECD85941CC8679000338383 /* Release */,
			);
			defaultConfigurationIsVisible = 0;
		};
/* End XCConfigurationList section */
	};
	rootObject = CECD85781CC8679000338383 /* Project object */;
}
