// !$*UTF8*$!
{
	archiveVersion = 1;
	classes = {
	};
	objectVersion = 46;
	objects = {

/* Begin PBXBuildFile section */
		CECD85A21CC86F3700338383 /* AppDelegate.swift in Sources */ = {isa = PBXBuildFile; fileRef = CECD85A11CC86F3700338383 /* AppDelegate.swift */; };
		CECD85A41CC86F3700338383 /* ViewController.swift in Sources */ = {isa = PBXBuildFile; fileRef = CECD85A31CC86F3700338383 /* ViewController.swift */; };
		CECD85A71CC86F3700338383 /* Main.storyboard in Resources */ = {isa = PBXBuildFile; fileRef = CECD85A51CC86F3700338383 /* Main.storyboard */; };
		CECD85A91CC86F3700338383 /* Assets.xcassets in Resources */ = {isa = PBXBuildFile; fileRef = CECD85A81CC86F3700338383 /* Assets.xcassets */; };
		CECD85AC1CC86F3700338383 /* LaunchScreen.storyboard in Resources */ = {isa = PBXBuildFile; fileRef = CECD85AA1CC86F3700338383 /* LaunchScreen.storyboard */; };
/* End PBXBuildFile section */

/* Begin PBXFileReference section */
		CECD859E1CC86F3700338383 /* 02-day.app */ = {isa = PBXFileReference; explicitFileType = wrapper.application; includeInIndex = 0; path = "02-day.app"; sourceTree = BUILT_PRODUCTS_DIR; };
		CECD85A11CC86F3700338383 /* AppDelegate.swift */ = {isa = PBXFileReference; lastKnownFileType = sourcecode.swift; path = AppDelegate.swift; sourceTree = "<group>"; };
		CECD85A31CC86F3700338383 /* ViewController.swift */ = {isa = PBXFileReference; lastKnownFileType = sourcecode.swift; path = ViewController.swift; sourceTree = "<group>"; };
		CECD85A61CC86F3700338383 /* Base */ = {isa = PBXFileReference; lastKnownFileType = file.storyboard; name = Base; path = Base.lproj/Main.storyboard; sourceTree = "<group>"; };
		CECD85A81CC86F3700338383 /* Assets.xcassets */ = {isa = PBXFileReference; lastKnownFileType = folder.assetcatalog; path = Assets.xcassets; sourceTree = "<group>"; };
		CECD85AB1CC86F3700338383 /* Base */ = {isa = PBXFileReference; lastKnownFileType = file.storyboard; name = Base; path = Base.lproj/LaunchScreen.storyboard; sourceTree = "<group>"; };
		CECD85AD1CC86F3700338383 /* Info.plist */ = {isa = PBXFileReference; lastKnownFileType = text.plist.xml; path = Info.plist; sourceTree = "<group>"; };
/* End PBXFileReference section */

/* Begin PBXFrameworksBuildPhase section */
		CECD859B1CC86F3700338383 /* Frameworks */ = {
			isa = PBXFrameworksBuildPhase;
			buildActionMask = 2147483647;
			files = (
			);
			runOnlyForDeploymentPostprocessing = 0;
		};
/* End PBXFrameworksBuildPhase section */

/* Begin PBXGroup section */
		CECD85951CC86F3700338383 = {
			isa = PBXGroup;
			children = (
				CECD85A01CC86F3700338383 /* 02-day */,
				CECD859F1CC86F3700338383 /* Products */,
			);
			sourceTree = "<group>";
		};
		CECD859F1CC86F3700338383 /* Products */ = {
			isa = PBXGroup;
			children = (
				CECD859E1CC86F3700338383 /* 02-day.app */,
			);
			name = Products;
			sourceTree = "<group>";
		};
		CECD85A01CC86F3700338383 /* 02-day */ = {
			isa = PBXGroup;
			children = (
				CECD85A11CC86F3700338383 /* AppDelegate.swift */,
				CECD85A31CC86F3700338383 /* ViewController.swift */,
				CECD85A51CC86F3700338383 /* Main.storyboard */,
				CECD85A81CC86F3700338383 /* Assets.xcassets */,
				CECD85AA1CC86F3700338383 /* LaunchScreen.storyboard */,
				CECD85AD1CC86F3700338383 /* Info.plist */,
			);
			path = "02-day";
			sourceTree = "<group>";
		};
/* End PBXGroup section */

/* Begin PBXNativeTarget section */
		CECD859D1CC86F3700338383 /* 02-day */ = {
			isa = PBXNativeTarget;
			buildConfigurationList = CECD85B01CC86F3700338383 /* Build configuration list for PBXNativeTarget "02-day" */;
			buildPhases = (
				CECD859A1CC86F3700338383 /* Sources */,
				CECD859B1CC86F3700338383 /* Frameworks */,
				CECD859C1CC86F3700338383 /* Resources */,
			);
			buildRules = (
			);
			dependencies = (
			);
			name = "02-day";
			productName = "02-day";
			productReference = CECD859E1CC86F3700338383 /* 02-day.app */;
			productType = "com.apple.product-type.application";
		};
/* End PBXNativeTarget section */

/* Begin PBXProject section */
		CECD85961CC86F3700338383 /* Project object */ = {
			isa = PBXProject;
			attributes = {
				LastSwiftUpdateCheck = 0730;
				LastUpgradeCheck = 0730;
				ORGANIZATIONNAME = mobin;
				TargetAttributes = {
					CECD859D1CC86F3700338383 = {
						CreatedOnToolsVersion = 7.3;
					};
				};
			};
			buildConfigurationList = CECD85991CC86F3700338383 /* Build configuration list for PBXProject "02-day" */;
			compatibilityVersion = "Xcode 3.2";
			developmentRegion = English;
			hasScannedForEncodings = 0;
			knownRegions = (
				en,
				Base,
			);
			mainGroup = CECD85951CC86F3700338383;
			productRefGroup = CECD859F1CC86F3700338383 /* Products */;
			projectDirPath = "";
			projectRoot = "";
			targets = (
				CECD859D1CC86F3700338383 /* 02-day */,
			);
		};
/* End PBXProject section */

/* Begin PBXResourcesBuildPhase section */
		CECD859C1CC86F3700338383 /* Resources */ = {
			isa = PBXResourcesBuildPhase;
			buildActionMask = 2147483647;
			files = (
				CECD85AC1CC86F3700338383 /* LaunchScreen.storyboard in Resources */,
				CECD85A91CC86F3700338383 /* Assets.xcassets in Resources */,
				CECD85A71CC86F3700338383 /* Main.storyboard in Resources */,
			);
			runOnlyForDeploymentPostprocessing = 0;
		};
/* End PBXResourcesBuildPhase section */

/* Begin PBXSourcesBuildPhase section */
		CECD859A1CC86F3700338383 /* Sources */ = {
			isa = PBXSourcesBuildPhase;
			buildActionMask = 2147483647;
			files = (
				CECD85A41CC86F3700338383 /* ViewController.swift in Sources */,
				CECD85A21CC86F3700338383 /* AppDelegate.swift in Sources */,
			);
			runOnlyForDeploymentPostprocessing = 0;
		};
/* End PBXSourcesBuildPhase section */

/* Begin PBXVariantGroup section */
		CECD85A51CC86F3700338383 /* Main.storyboard */ = {
			isa = PBXVariantGroup;
			children = (
				CECD85A61CC86F3700338383 /* Base */,
			);
			name = Main.storyboard;
			sourceTree = "<group>";
		};
		CECD85AA1CC86F3700338383 /* LaunchScreen.storyboard */ = {
			isa = PBXVariantGroup;
			children = (
				CECD85AB1CC86F3700338383 /* Base */,
			);
			name = LaunchScreen.storyboard;
			sourceTree = "<group>";
		};
/* End PBXVariantGroup section */

/* Begin XCBuildConfiguration section */
		CECD85AE1CC86F3700338383 /* Debug */ = {
			isa = XCBuildConfiguration;
			buildSettings = {
				ALWAYS_SEARCH_USER_PATHS = NO;
				CLANG_ANALYZER_NONNULL = YES;
				CLANG_CXX_LANGUAGE_STANDARD = "gnu++0x";
				CLANG_CXX_LIBRARY = "libc++";
				CLANG_ENABLE_MODULES = YES;
				CLANG_ENABLE_OBJC_ARC = YES;
				CLANG_WARN_BOOL_CONVERSION = YES;
				CLANG_WARN_CONSTANT_CONVERSION = YES;
				CLANG_WARN_DIRECT_OBJC_ISA_USAGE = YES_ERROR;
				CLANG_WARN_EMPTY_BODY = YES;
				CLANG_WARN_ENUM_CONVERSION = YES;
				CLANG_WARN_INT_CONVERSION = YES;
				CLANG_WARN_OBJC_ROOT_CLASS = YES_ERROR;
				CLANG_WARN_UNREACHABLE_CODE = YES;
				CLANG_WARN__DUPLICATE_METHOD_MATCH = YES;
				"CODE_SIGN_IDENTITY[sdk=iphoneos*]" = "iPhone Developer";
				COPY_PHASE_STRIP = NO;
				DEBUG_INFORMATION_FORMAT = dwarf;
				ENABLE_STRICT_OBJC_MSGSEND = YES;
				ENABLE_TESTABILITY = YES;
				GCC_C_LANGUAGE_STANDARD = gnu99;
				GCC_DYNAMIC_NO_PIC = NO;
				GCC_NO_COMMON_BLOCKS = YES;
				GCC_OPTIMIZATION_LEVEL = 0;
				GCC_PREPROCESSOR_DEFINITIONS = (
					"DEBUG=1",
					"$(inherited)",
				);
				GCC_WARN_64_TO_32_BIT_CONVERSION = YES;
				GCC_WARN_ABOUT_RETURN_TYPE = YES_ERROR;
				GCC_WARN_UNDECLARED_SELECTOR = YES;
				GCC_WARN_UNINITIALIZED_AUTOS = YES_AGGRESSIVE;
				GCC_WARN_UNUSED_FUNCTION = YES;
				GCC_WARN_UNUSED_VARIABLE = YES;
				IPHONEOS_DEPLOYMENT_TARGET = 9.3;
				MTL_ENABLE_DEBUG_INFO = YES;
				ONLY_ACTIVE_ARCH = YES;
				SDKROOT = iphoneos;
				SWIFT_OPTIMIZATION_LEVEL = "-Onone";
			};
			name = Debug;
		};
		CECD85AF1CC86F3700338383 /* Release */ = {
			isa = XCBuildConfiguration;
			buildSettings = {
				ALWAYS_SEARCH_USER_PATHS = NO;
				CLANG_ANALYZER_NONNULL = YES;
				CLANG_CXX_LANGUAGE_STANDARD = "gnu++0x";
				CLANG_CXX_LIBRARY = "libc++";
				CLANG_ENABLE_MODULES = YES;
				CLANG_ENABLE_OBJC_ARC = YES;
				CLANG_WARN_BOOL_CONVERSION = YES;
				CLANG_WARN_CONSTANT_CONVERSION = YES;
				CLANG_WARN_DIRECT_OBJC_ISA_USAGE = YES_ERROR;
				CLANG_WARN_EMPTY_BODY = YES;
				CLANG_WARN_ENUM_CONVERSION = YES;
				CLANG_WARN_INT_CONVERSION = YES;
				CLANG_WARN_OBJC_ROOT_CLASS = YES_ERROR;
				CLANG_WARN_UNREACHABLE_CODE = YES;
				CLANG_WARN__DUPLICATE_METHOD_MATCH = YES;
				"CODE_SIGN_IDENTITY[sdk=iphoneos*]" = "iPhone Developer";
				COPY_PHASE_STRIP = NO;
				DEBUG_INFORMATION_FORMAT = "dwarf-with-dsym";
				ENABLE_NS_ASSERTIONS = NO;
				ENABLE_STRICT_OBJC_MSGSEND = YES;
				GCC_C_LANGUAGE_STANDARD = gnu99;
				GCC_NO_COMMON_BLOCKS = YES;
				GCC_WARN_64_TO_32_BIT_CONVERSION = YES;
				GCC_WARN_ABOUT_RETURN_TYPE = YES_ERROR;
				GCC_WARN_UNDECLARED_SELECTOR = YES;
				GCC_WARN_UNINITIALIZED_AUTOS = YES_AGGRESSIVE;
				GCC_WARN_UNUSED_FUNCTION = YES;
				GCC_WARN_UNUSED_VARIABLE = YES;
				IPHONEOS_DEPLOYMENT_TARGET = 9.3;
				MTL_ENABLE_DEBUG_INFO = NO;
				SDKROOT = iphoneos;
				VALIDATE_PRODUCT = YES;
			};
			name = Release;
		};
		CECD85B11CC86F3700338383 /* Debug */ = {
			isa = XCBuildConfiguration;
			buildSettings = {
				ASSETCATALOG_COMPILER_APPICON_NAME = AppIcon;
				INFOPLIST_FILE = "02-day/Info.plist";
				LD_RUNPATH_SEARCH_PATHS = "$(inherited) @executable_path/Frameworks";
				PRODUCT_BUNDLE_IDENTIFIER = "com.eeparking.-2-day";
				PRODUCT_NAME = "$(TARGET_NAME)";
			};
			name = Debug;
		};
		CECD85B21CC86F3700338383 /* Release */ = {
			isa = XCBuildConfiguration;
			buildSettings = {
				ASSETCATALOG_COMPILER_APPICON_NAME = AppIcon;
				INFOPLIST_FILE = "02-day/Info.plist";
				LD_RUNPATH_SEARCH_PATHS = "$(inherited) @executable_path/Frameworks";
				PRODUCT_BUNDLE_IDENTIFIER = "com.eeparking.-2-day";
				PRODUCT_NAME = "$(TARGET_NAME)";
			};
			name = Release;
		};
/* End XCBuildConfiguration section */

/* Begin XCConfigurationList section */
		CECD85991CC86F3700338383 /* Build configuration list for PBXProject "02-day" */ = {
			isa = XCConfigurationList;
			buildConfigurations = (
				CECD85AE1CC86F3700338383 /* Debug */,
				CECD85AF1CC86F3700338383 /* Release */,
			);
			defaultConfigurationIsVisible = 0;
			defaultConfigurationName = Release;
		};
		CECD85B01CC86F3700338383 /* Build configuration list for PBXNativeTarget "02-day" */ = {
			isa = XCConfigurationList;
			buildConfigurations = (
				CECD85B11CC86F3700338383 /* Debug */,
				CECD85B21CC86F3700338383 /* Release */,
			);
			defaultConfigurationIsVisible = 0;
		};
/* End XCConfigurationList section */
	};
	rootObject = CECD85961CC86F3700338383 /* Project object */;
}
