// !$*UTF8*$!
{
	archiveVersion = 1;
	classes = {
	};
	objectVersion = 46;
	objects = {

/* Begin PBXBuildFile section */
		CEE051161CCDEC4400F233CC /* AppDelegate.swift in Sources */ = {isa = PBXBuildFile; fileRef = CEE051151CCDEC4400F233CC /* AppDelegate.swift */; };
		CEE051181CCDEC4400F233CC /* ViewController.swift in Sources */ = {isa = PBXBuildFile; fileRef = CEE051171CCDEC4400F233CC /* ViewController.swift */; };
		CEE0511B1CCDEC4400F233CC /* Main.storyboard in Resources */ = {isa = PBXBuildFile; fileRef = CEE051191CCDEC4400F233CC /* Main.storyboard */; };
		CEE0511D1CCDEC4400F233CC /* Assets.xcassets in Resources */ = {isa = PBXBuildFile; fileRef = CEE0511C1CCDEC4400F233CC /* Assets.xcassets */; };
		CEE051201CCDEC4400F233CC /* LaunchScreen.storyboard in Resources */ = {isa = PBXBuildFile; fileRef = CEE0511E1CCDEC4400F233CC /* LaunchScreen.storyboard */; };
		CEE051281CCDEE0500F233CC /* MoviesTableViewController.swift in Sources */ = {isa = PBXBuildFile; fileRef = CEE051271CCDEE0500F233CC /* MoviesTableViewController.swift */; };
/* End PBXBuildFile section */

/* Begin PBXFileReference section */
		CEE051121CCDEC4400F233CC /* 09-day.app */ = {isa = PBXFileReference; explicitFileType = wrapper.application; includeInIndex = 0; path = "09-day.app"; sourceTree = BUILT_PRODUCTS_DIR; };
		CEE051151CCDEC4400F233CC /* AppDelegate.swift */ = {isa = PBXFileReference; lastKnownFileType = sourcecode.swift; path = AppDelegate.swift; sourceTree = "<group>"; };
		CEE051171CCDEC4400F233CC /* ViewController.swift */ = {isa = PBXFileReference; lastKnownFileType = sourcecode.swift; path = ViewController.swift; sourceTree = "<group>"; };
		CEE0511A1CCDEC4400F233CC /* Base */ = {isa = PBXFileReference; lastKnownFileType = file.storyboard; name = Base; path = Base.lproj/Main.storyboard; sourceTree = "<group>"; };
		CEE0511C1CCDEC4400F233CC /* Assets.xcassets */ = {isa = PBXFileReference; lastKnownFileType = folder.assetcatalog; path = Assets.xcassets; sourceTree = "<group>"; };
		CEE0511F1CCDEC4400F233CC /* Base */ = {isa = PBXFileReference; lastKnownFileType = file.storyboard; name = Base; path = Base.lproj/LaunchScreen.storyboard; sourceTree = "<group>"; };
		CEE051211CCDEC4400F233CC /* Info.plist */ = {isa = PBXFileReference; lastKnownFileType = text.plist.xml; path = Info.plist; sourceTree = "<group>"; };
		CEE051271CCDEE0500F233CC /* MoviesTableViewController.swift */ = {isa = PBXFileReference; fileEncoding = 4; lastKnownFileType = sourcecode.swift; path = MoviesTableViewController.swift; sourceTree = "<group>"; };
/* End PBXFileReference section */

/* Begin PBXFrameworksBuildPhase section */
		CEE0510F1CCDEC4400F233CC /* Frameworks */ = {
			isa = PBXFrameworksBuildPhase;
			buildActionMask = 2147483647;
			files = (
			);
			runOnlyForDeploymentPostprocessing = 0;
		};
/* End PBXFrameworksBuildPhase section */

/* Begin PBXGroup section */
		CEE051091CCDEC4400F233CC = {
			isa = PBXGroup;
			children = (
				CEE051141CCDEC4400F233CC /* 09-day */,
				CEE051131CCDEC4400F233CC /* Products */,
			);
			sourceTree = "<group>";
		};
		CEE051131CCDEC4400F233CC /* Products */ = {
			isa = PBXGroup;
			children = (
				CEE051121CCDEC4400F233CC /* 09-day.app */,
			);
			name = Products;
			sourceTree = "<group>";
		};
		CEE051141CCDEC4400F233CC /* 09-day */ = {
			isa = PBXGroup;
			children = (
				CEE051151CCDEC4400F233CC /* AppDelegate.swift */,
				CEE051171CCDEC4400F233CC /* ViewController.swift */,
				CEE051191CCDEC4400F233CC /* Main.storyboard */,
				CEE0511C1CCDEC4400F233CC /* Assets.xcassets */,
				CEE0511E1CCDEC4400F233CC /* LaunchScreen.storyboard */,
				CEE051211CCDEC4400F233CC /* Info.plist */,
				CEE051271CCDEE0500F233CC /* MoviesTableViewController.swift */,
			);
			path = "09-day";
			sourceTree = "<group>";
		};
/* End PBXGroup section */

/* Begin PBXNativeTarget section */
		CEE051111CCDEC4400F233CC /* 09-day */ = {
			isa = PBXNativeTarget;
			buildConfigurationList = CEE051241CCDEC4400F233CC /* Build configuration list for PBXNativeTarget "09-day" */;
			buildPhases = (
				CEE0510E1CCDEC4400F233CC /* Sources */,
				CEE0510F1CCDEC4400F233CC /* Frameworks */,
				CEE051101CCDEC4400F233CC /* Resources */,
			);
			buildRules = (
			);
			dependencies = (
			);
			name = "09-day";
			productName = "09-day";
			productReference = CEE051121CCDEC4400F233CC /* 09-day.app */;
			productType = "com.apple.product-type.application";
		};
/* End PBXNativeTarget section */

/* Begin PBXProject section */
		CEE0510A1CCDEC4400F233CC /* Project object */ = {
			isa = PBXProject;
			attributes = {
				LastSwiftUpdateCheck = 0730;
				LastUpgradeCheck = 0730;
				ORGANIZATIONNAME = mobin;
				TargetAttributes = {
					CEE051111CCDEC4400F233CC = {
						CreatedOnToolsVersion = 7.3;
					};
				};
			};
			buildConfigurationList = CEE0510D1CCDEC4400F233CC /* Build configuration list for PBXProject "09-day" */;
			compatibilityVersion = "Xcode 3.2";
			developmentRegion = English;
			hasScannedForEncodings = 0;
			knownRegions = (
				en,
				Base,
			);
			mainGroup = CEE051091CCDEC4400F233CC;
			productRefGroup = CEE051131CCDEC4400F233CC /* Products */;
			projectDirPath = "";
			projectRoot = "";
			targets = (
				CEE051111CCDEC4400F233CC /* 09-day */,
			);
		};
/* End PBXProject section */

/* Begin PBXResourcesBuildPhase section */
		CEE051101CCDEC4400F233CC /* Resources */ = {
			isa = PBXResourcesBuildPhase;
			buildActionMask = 2147483647;
			files = (
				CEE051201CCDEC4400F233CC /* LaunchScreen.storyboard in Resources */,
				CEE0511D1CCDEC4400F233CC /* Assets.xcassets in Resources */,
				CEE0511B1CCDEC4400F233CC /* Main.storyboard in Resources */,
			);
			runOnlyForDeploymentPostprocessing = 0;
		};
/* End PBXResourcesBuildPhase section */

/* Begin PBXSourcesBuildPhase section */
		CEE0510E1CCDEC4400F233CC /* Sources */ = {
			isa = PBXSourcesBuildPhase;
			buildActionMask = 2147483647;
			files = (
				CEE051281CCDEE0500F233CC /* MoviesTableViewController.swift in Sources */,
				CEE051181CCDEC4400F233CC /* ViewController.swift in Sources */,
				CEE051161CCDEC4400F233CC /* AppDelegate.swift in Sources */,
			);
			runOnlyForDeploymentPostprocessing = 0;
		};
/* End PBXSourcesBuildPhase section */

/* Begin PBXVariantGroup section */
		CEE051191CCDEC4400F233CC /* Main.storyboard */ = {
			isa = PBXVariantGroup;
			children = (
				CEE0511A1CCDEC4400F233CC /* Base */,
			);
			name = Main.storyboard;
			sourceTree = "<group>";
		};
		CEE0511E1CCDEC4400F233CC /* LaunchScreen.storyboard */ = {
			isa = PBXVariantGroup;
			children = (
				CEE0511F1CCDEC4400F233CC /* Base */,
			);
			name = LaunchScreen.storyboard;
			sourceTree = "<group>";
		};
/* End PBXVariantGroup section */

/* Begin XCBuildConfiguration section */
		CEE051221CCDEC4400F233CC /* Debug */ = {
			isa = XCBuildConfiguration;
			buildSettings = {
				ALWAYS_SEARCH_USER_PATHS = NO;
				CLANG_ANALYZER_NONNULL = YES;
				CLANG_CXX_LANGUAGE_STANDARD = "gnu++0x";
				CLANG_CXX_LIBRARY = "libc++";
				CLANG_ENABLE_MODULES = YES;
				CLANG_ENABLE_OBJC_ARC = YES;
				CLANG_WARN_BOOL_CONVERSION = YES;
				CLANG_WARN_CONSTANT_CONVERSION = YES;
				CLANG_WARN_DIRECT_OBJC_ISA_USAGE = YES_ERROR;
				CLANG_WARN_EMPTY_BODY = YES;
				CLANG_WARN_ENUM_CONVERSION = YES;
				CLANG_WARN_INT_CONVERSION = YES;
				CLANG_WARN_OBJC_ROOT_CLASS = YES_ERROR;
				CLANG_WARN_UNREACHABLE_CODE = YES;
				CLANG_WARN__DUPLICATE_METHOD_MATCH = YES;
				"CODE_SIGN_IDENTITY[sdk=iphoneos*]" = "iPhone Developer";
				COPY_PHASE_STRIP = NO;
				DEBUG_INFORMATION_FORMAT = dwarf;
				ENABLE_STRICT_OBJC_MSGSEND = YES;
				ENABLE_TESTABILITY = YES;
				GCC_C_LANGUAGE_STANDARD = gnu99;
				GCC_DYNAMIC_NO_PIC = NO;
				GCC_NO_COMMON_BLOCKS = YES;
				GCC_OPTIMIZATION_LEVEL = 0;
				GCC_PREPROCESSOR_DEFINITIONS = (
					"DEBUG=1",
					"$(inherited)",
				);
				GCC_WARN_64_TO_32_BIT_CONVERSION = YES;
				GCC_WARN_ABOUT_RETURN_TYPE = YES_ERROR;
				GCC_WARN_UNDECLARED_SELECTOR = YES;
				GCC_WARN_UNINITIALIZED_AUTOS = YES_AGGRESSIVE;
				GCC_WARN_UNUSED_FUNCTION = YES;
				GCC_WARN_UNUSED_VARIABLE = YES;
				IPHONEOS_DEPLOYMENT_TARGET = 9.3;
				MTL_ENABLE_DEBUG_INFO = YES;
				ONLY_ACTIVE_ARCH = YES;
				SDKROOT = iphoneos;
				SWIFT_OPTIMIZATION_LEVEL = "-Onone";
			};
			name = Debug;
		};
		CEE051231CCDEC4400F233CC /* Release */ = {
			isa = XCBuildConfiguration;
			buildSettings = {
				ALWAYS_SEARCH_USER_PATHS = NO;
				CLANG_ANALYZER_NONNULL = YES;
				CLANG_CXX_LANGUAGE_STANDARD = "gnu++0x";
				CLANG_CXX_LIBRARY = "libc++";
				CLANG_ENABLE_MODULES = YES;
				CLANG_ENABLE_OBJC_ARC = YES;
				CLANG_WARN_BOOL_CONVERSION = YES;
				CLANG_WARN_CONSTANT_CONVERSION = YES;
				CLANG_WARN_DIRECT_OBJC_ISA_USAGE = YES_ERROR;
				CLANG_WARN_EMPTY_BODY = YES;
				CLANG_WARN_ENUM_CONVERSION = YES;
				CLANG_WARN_INT_CONVERSION = YES;
				CLANG_WARN_OBJC_ROOT_CLASS = YES_ERROR;
				CLANG_WARN_UNREACHABLE_CODE = YES;
				CLANG_WARN__DUPLICATE_METHOD_MATCH = YES;
				"CODE_SIGN_IDENTITY[sdk=iphoneos*]" = "iPhone Developer";
				COPY_PHASE_STRIP = NO;
				DEBUG_INFORMATION_FORMAT = "dwarf-with-dsym";
				ENABLE_NS_ASSERTIONS = NO;
				ENABLE_STRICT_OBJC_MSGSEND = YES;
				GCC_C_LANGUAGE_STANDARD = gnu99;
				GCC_NO_COMMON_BLOCKS = YES;
				GCC_WARN_64_TO_32_BIT_CONVERSION = YES;
				GCC_WARN_ABOUT_RETURN_TYPE = YES_ERROR;
				GCC_WARN_UNDECLARED_SELECTOR = YES;
				GCC_WARN_UNINITIALIZED_AUTOS = YES_AGGRESSIVE;
				GCC_WARN_UNUSED_FUNCTION = YES;
				GCC_WARN_UNUSED_VARIABLE = YES;
				IPHONEOS_DEPLOYMENT_TARGET = 9.3;
				MTL_ENABLE_DEBUG_INFO = NO;
				SDKROOT = iphoneos;
				VALIDATE_PRODUCT = YES;
			};
			name = Release;
		};
		CEE051251CCDEC4400F233CC /* Debug */ = {
			isa = XCBuildConfiguration;
			buildSettings = {
				ASSETCATALOG_COMPILER_APPICON_NAME = AppIcon;
				INFOPLIST_FILE = "09-day/Info.plist";
				LD_RUNPATH_SEARCH_PATHS = "$(inherited) @executable_path/Frameworks";
				PRODUCT_BUNDLE_IDENTIFIER = "com.eeparking.-9-day";
				PRODUCT_NAME = "$(TARGET_NAME)";
			};
			name = Debug;
		};
		CEE051261CCDEC4400F233CC /* Release */ = {
			isa = XCBuildConfiguration;
			buildSettings = {
				ASSETCATALOG_COMPILER_APPICON_NAME = AppIcon;
				INFOPLIST_FILE = "09-day/Info.plist";
				LD_RUNPATH_SEARCH_PATHS = "$(inherited) @executable_path/Frameworks";
				PRODUCT_BUNDLE_IDENTIFIER = "com.eeparking.-9-day";
				PRODUCT_NAME = "$(TARGET_NAME)";
			};
			name = Release;
		};
/* End XCBuildConfiguration section */

/* Begin XCConfigurationList section */
		CEE0510D1CCDEC4400F233CC /* Build configuration list for PBXProject "09-day" */ = {
			isa = XCConfigurationList;
			buildConfigurations = (
				CEE051221CCDEC4400F233CC /* Debug */,
				CEE051231CCDEC4400F233CC /* Release */,
			);
			defaultConfigurationIsVisible = 0;
			defaultConfigurationName = Release;
		};
		CEE051241CCDEC4400F233CC /* Build configuration list for PBXNativeTarget "09-day" */ = {
			isa = XCConfigurationList;
			buildConfigurations = (
				CEE051251CCDEC4400F233CC /* Debug */,
				CEE051261CCDEC4400F233CC /* Release */,
			);
			defaultConfigurationIsVisible = 0;
		};
/* End XCConfigurationList section */
	};
	rootObject = CEE0510A1CCDEC4400F233CC /* Project object */;
}
